{
    "_meta": {
        "hash": {
            "sha256": "28106cee80510c1012d2b3d4275ecded7483eb674847eb044b52445a8de98da0"
        },
        "pipfile-spec": 6,
        "requires": {
            "python_version": "3.7"
        },
        "sources": [
            {
                "name": "pypi",
                "url": "https://pypi.org/simple",
                "verify_ssl": true
            }
        ]
    },
    "default": {
        "npm": {
            "hashes": [
                "sha256:84aefc83a3486d034c4c14f8bcd4b746b95b529289b0d042c268f6201c3034e9"
            ],
            "index": "pypi",
            "version": "==0.1.1"
        },
        "optional-django": {
            "hashes": [
                "sha256:77d6b9fb74bda30583e1af4683a39e0af725cea6003252bba75838f4939326c5"
            ],
            "version": "==0.1.0"
        }
    },
    "develop": {}
}
